// !$*UTF8*$!
{
	archiveVersion = 1;
	classes = {
	};
	objectVersion = 50;
	objects = {

/* Begin PBXBuildFile section */
		2AB17A1DF43E614AEEC492B6 /* Pods_instagram.framework in Frameworks */ = {isa = PBXBuildFile; fileRef = 143F2730B0BD7F1DE9C2751F /* Pods_instagram.framework */; };
		7D070A1121F4410100694B69 /* unlike.png in Resources */ = {isa = PBXBuildFile; fileRef = 7D070A1021F4410100694B69 /* unlike.png */; };
		7D077ACE219A97EB0007E660 /* FollowersViewController.swift in Sources */ = {isa = PBXBuildFile; fileRef = 7D077ACD219A97EB0007E660 /* FollowersViewController.swift */; };
		7D077AD4219A99B50007E660 /* FollowersCell.swift in Sources */ = {isa = PBXBuildFile; fileRef = 7D077AD3219A99B50007E660 /* FollowersCell.swift */; };
		7D18A46321F53A9B001A7186 /* CommentViewController.swift in Sources */ = {isa = PBXBuildFile; fileRef = 7D18A46221F53A9B001A7186 /* CommentViewController.swift */; };
		7D18A46521F53AC0001A7186 /* CommentCell.swift in Sources */ = {isa = PBXBuildFile; fileRef = 7D18A46421F53AC0001A7186 /* CommentCell.swift */; };
		7D27CE79219BD94700901067 /* GuestViewController.swift in Sources */ = {isa = PBXBuildFile; fileRef = 7D27CE78219BD94700901067 /* GuestViewController.swift */; };
		7D29CB2F21E5BBBC00A15944 /* PostViewController.swift in Sources */ = {isa = PBXBuildFile; fileRef = 7D29CB2E21E5BBBC00A15944 /* PostViewController.swift */; };
		7D29CB3121E5BC1100A15944 /* PostViewControllerCell.swift in Sources */ = {isa = PBXBuildFile; fileRef = 7D29CB3021E5BC1100A15944 /* PostViewControllerCell.swift */; };
		7D4108CD2199421800EED9A0 /* HomeViewController.swift in Sources */ = {isa = PBXBuildFile; fileRef = 7D4108CC2199421800EED9A0 /* HomeViewController.swift */; };
		7D6BE98721EF996C00A5A176 /* like.png in Resources */ = {isa = PBXBuildFile; fileRef = 7D6BE98621EF996C00A5A176 /* like.png */; };
		7D6BE98921EF997900A5A176 /* more.png in Resources */ = {isa = PBXBuildFile; fileRef = 7D6BE98821EF997900A5A176 /* more.png */; };
		7D6BE98B21EF998800A5A176 /* comment.png in Resources */ = {isa = PBXBuildFile; fileRef = 7D6BE98A21EF998800A5A176 /* comment.png */; };
		7D788B1121E3A60E004C0FF4 /* pbg.jpg in Resources */ = {isa = PBXBuildFile; fileRef = 7D788B1021E3A60E004C0FF4 /* pbg.jpg */; };
		7D788B1421E3A6BB004C0FF4 /* UploadViewController.swift in Sources */ = {isa = PBXBuildFile; fileRef = 7D788B1321E3A6BB004C0FF4 /* UploadViewController.swift */; };
		7D873A6D2149CEC70051DD1A /* Pacifico.ttf in Resources */ = {isa = PBXBuildFile; fileRef = 7D873A6C2149CEC70051DD1A /* Pacifico.ttf */; };
		7D873A6F2149D1530051DD1A /* bg.jpg in Resources */ = {isa = PBXBuildFile; fileRef = 7D873A6E2149D1530051DD1A /* bg.jpg */; };
		7DA21C0721DF3DE400C75EEC /* EditViewController.swift in Sources */ = {isa = PBXBuildFile; fileRef = 7DA21C0621DF3DE400C75EEC /* EditViewController.swift */; };
		7DA2526A214AAFA400720D20 /* HeaderView.swift in Sources */ = {isa = PBXBuildFile; fileRef = 7DA25269214AAFA400720D20 /* HeaderView.swift */; };
		7DA2526E214AB52D00720D20 /* PictureCell.swift in Sources */ = {isa = PBXBuildFile; fileRef = 7DA2526D214AB52D00720D20 /* PictureCell.swift */; };
		7DB60FB321EE425F00102CF7 /* Assets.xcassets in Resources */ = {isa = PBXBuildFile; fileRef = 7DB60FB221EE425F00102CF7 /* Assets.xcassets */; };
		7DB8D71F2145CC7100D50F50 /* ResetPasswordViewController.swift in Sources */ = {isa = PBXBuildFile; fileRef = 7DB8D71E2145CC7100D50F50 /* ResetPasswordViewController.swift */; };
		7DBDE8F7214598180008C322 /* SignUpViewController.swift in Sources */ = {isa = PBXBuildFile; fileRef = 7DBDE8F6214598180008C322 /* SignUpViewController.swift */; };
		7DBDE8F92145981B0008C322 /* SignInViewController.swift in Sources */ = {isa = PBXBuildFile; fileRef = 7DBDE8F82145981B0008C322 /* SignInViewController.swift */; };
		7DBDE8FB2145981E0008C322 /* pp.jpg in Resources */ = {isa = PBXBuildFile; fileRef = 7DBDE8FA2145981E0008C322 /* pp.jpg */; };
		7DBDE8FD214598270008C322 /* Main.storyboard in Resources */ = {isa = PBXBuildFile; fileRef = 7DBDE8FC214598270008C322 /* Main.storyboard */; };
		7DD7F41A21456D5000D1D7B4 /* AppDelegate.swift in Sources */ = {isa = PBXBuildFile; fileRef = 7DD7F41921456D5000D1D7B4 /* AppDelegate.swift */; };
		7DD7F42421456D5100D1D7B4 /* LaunchScreen.storyboard in Resources */ = {isa = PBXBuildFile; fileRef = 7DD7F42221456D5100D1D7B4 /* LaunchScreen.storyboard */; };
		7DD7F42F21456D5100D1D7B4 /* instagramTests.swift in Sources */ = {isa = PBXBuildFile; fileRef = 7DD7F42E21456D5100D1D7B4 /* instagramTests.swift */; };
		7DD7F43A21456D5100D1D7B4 /* instagramUITests.swift in Sources */ = {isa = PBXBuildFile; fileRef = 7DD7F43921456D5100D1D7B4 /* instagramUITests.swift */; };
		7DD7F44821456D9000D1D7B4 /* Podfile in Resources */ = {isa = PBXBuildFile; fileRef = 7DD7F44721456D9000D1D7B4 /* Podfile */; };
		7DFE001F21EFAA5700D6A8CD /* navigationViewController.swift in Sources */ = {isa = PBXBuildFile; fileRef = 7DFE001E21EFAA5700D6A8CD /* navigationViewController.swift */; };
		7DFE002121EFAAE800D6A8CD /* tabBarViewController.swift in Sources */ = {isa = PBXBuildFile; fileRef = 7DFE002021EFAAE800D6A8CD /* tabBarViewController.swift */; };
/* End PBXBuildFile section */

/* Begin PBXContainerItemProxy section */
		7DD7F42B21456D5100D1D7B4 /* PBXContainerItemProxy */ = {
			isa = PBXContainerItemProxy;
			containerPortal = 7DD7F40E21456D5000D1D7B4 /* Project object */;
			proxyType = 1;
			remoteGlobalIDString = 7DD7F41521456D5000D1D7B4;
			remoteInfo = instagram;
		};
		7DD7F43621456D5100D1D7B4 /* PBXContainerItemProxy */ = {
			isa = PBXContainerItemProxy;
			containerPortal = 7DD7F40E21456D5000D1D7B4 /* Project object */;
			proxyType = 1;
			remoteGlobalIDString = 7DD7F41521456D5000D1D7B4;
			remoteInfo = instagram;
		};
/* End PBXContainerItemProxy section */

/* Begin PBXFileReference section */
		143F2730B0BD7F1DE9C2751F /* Pods_instagram.framework */ = {isa = PBXFileReference; explicitFileType = wrapper.framework; includeInIndex = 0; path = Pods_instagram.framework; sourceTree = BUILT_PRODUCTS_DIR; };
		7D070A1021F4410100694B69 /* unlike.png */ = {isa = PBXFileReference; lastKnownFileType = image.png; path = unlike.png; sourceTree = "<group>"; };
		7D077ACD219A97EB0007E660 /* FollowersViewController.swift */ = {isa = PBXFileReference; lastKnownFileType = sourcecode.swift; path = FollowersViewController.swift; sourceTree = "<group>"; };
		7D077AD3219A99B50007E660 /* FollowersCell.swift */ = {isa = PBXFileReference; lastKnownFileType = sourcecode.swift; path = FollowersCell.swift; sourceTree = "<group>"; };
		7D18A46221F53A9B001A7186 /* CommentViewController.swift */ = {isa = PBXFileReference; lastKnownFileType = sourcecode.swift; path = CommentViewController.swift; sourceTree = "<group>"; };
		7D18A46421F53AC0001A7186 /* CommentCell.swift */ = {isa = PBXFileReference; lastKnownFileType = sourcecode.swift; path = CommentCell.swift; sourceTree = "<group>"; };
		7D27CE78219BD94700901067 /* GuestViewController.swift */ = {isa = PBXFileReference; lastKnownFileType = sourcecode.swift; path = GuestViewController.swift; sourceTree = "<group>"; };
		7D29CB2E21E5BBBC00A15944 /* PostViewController.swift */ = {isa = PBXFileReference; fileEncoding = 4; lastKnownFileType = sourcecode.swift; path = PostViewController.swift; sourceTree = "<group>"; };
		7D29CB3021E5BC1100A15944 /* PostViewControllerCell.swift */ = {isa = PBXFileReference; lastKnownFileType = sourcecode.swift; path = PostViewControllerCell.swift; sourceTree = "<group>"; };
		7D4108CC2199421800EED9A0 /* HomeViewController.swift */ = {isa = PBXFileReference; fileEncoding = 4; lastKnownFileType = sourcecode.swift; path = HomeViewController.swift; sourceTree = "<group>"; };
		7D6BE98621EF996C00A5A176 /* like.png */ = {isa = PBXFileReference; lastKnownFileType = image.png; path = like.png; sourceTree = "<group>"; };
		7D6BE98821EF997900A5A176 /* more.png */ = {isa = PBXFileReference; lastKnownFileType = image.png; path = more.png; sourceTree = "<group>"; };
		7D6BE98A21EF998800A5A176 /* comment.png */ = {isa = PBXFileReference; lastKnownFileType = image.png; path = comment.png; sourceTree = "<group>"; };
		7D73ED1221F8C12D00339BDD /* Base */ = {isa = PBXFileReference; lastKnownFileType = file.storyboard; name = Base; path = Base.lproj/LaunchScreen.storyboard; sourceTree = "<group>"; };
		7D73ED1321F8C13800339BDD /* zh-Hans */ = {isa = PBXFileReference; lastKnownFileType = text.plist.strings; name = "zh-Hans"; path = "zh-Hans.lproj/LaunchScreen.strings"; sourceTree = "<group>"; };
		7D73ED1421F8C14900339BDD /* en */ = {isa = PBXFileReference; lastKnownFileType = text.plist.strings; name = en; path = en.lproj/LaunchScreen.strings; sourceTree = "<group>"; };
		7D788B1021E3A60E004C0FF4 /* pbg.jpg */ = {isa = PBXFileReference; lastKnownFileType = image.jpeg; path = pbg.jpg; sourceTree = "<group>"; };
		7D788B1321E3A6BB004C0FF4 /* UploadViewController.swift */ = {isa = PBXFileReference; lastKnownFileType = sourcecode.swift; path = UploadViewController.swift; sourceTree = "<group>"; };
		7D873A6C2149CEC70051DD1A /* Pacifico.ttf */ = {isa = PBXFileReference; lastKnownFileType = file; path = Pacifico.ttf; sourceTree = "<group>"; };
		7D873A6E2149D1530051DD1A /* bg.jpg */ = {isa = PBXFileReference; lastKnownFileType = image.jpeg; path = bg.jpg; sourceTree = "<group>"; };
		7DA21C0621DF3DE400C75EEC /* EditViewController.swift */ = {isa = PBXFileReference; lastKnownFileType = sourcecode.swift; path = EditViewController.swift; sourceTree = "<group>"; };
		7DA25269214AAFA400720D20 /* HeaderView.swift */ = {isa = PBXFileReference; lastKnownFileType = sourcecode.swift; path = HeaderView.swift; sourceTree = "<group>"; };
		7DA2526D214AB52D00720D20 /* PictureCell.swift */ = {isa = PBXFileReference; lastKnownFileType = sourcecode.swift; path = PictureCell.swift; sourceTree = "<group>"; };
		7DB60FB221EE425F00102CF7 /* Assets.xcassets */ = {isa = PBXFileReference; lastKnownFileType = folder.assetcatalog; path = Assets.xcassets; sourceTree = "<group>"; };
		7DB8D71E2145CC7100D50F50 /* ResetPasswordViewController.swift */ = {isa = PBXFileReference; lastKnownFileType = sourcecode.swift; path = ResetPasswordViewController.swift; sourceTree = "<group>"; };
		7DBDE8F2214597AB0008C322 /* instagram-Bridging-Header.h */ = {isa = PBXFileReference; lastKnownFileType = sourcecode.c.h; path = "instagram-Bridging-Header.h"; sourceTree = "<group>"; };
		7DBDE8F6214598180008C322 /* SignUpViewController.swift */ = {isa = PBXFileReference; fileEncoding = 4; lastKnownFileType = sourcecode.swift; path = SignUpViewController.swift; sourceTree = "<group>"; };
		7DBDE8F82145981B0008C322 /* SignInViewController.swift */ = {isa = PBXFileReference; fileEncoding = 4; lastKnownFileType = sourcecode.swift; path = SignInViewController.swift; sourceTree = "<group>"; };
		7DBDE8FA2145981E0008C322 /* pp.jpg */ = {isa = PBXFileReference; lastKnownFileType = image.jpeg; path = pp.jpg; sourceTree = "<group>"; };
		7DBDE8FC214598270008C322 /* Main.storyboard */ = {isa = PBXFileReference; fileEncoding = 4; lastKnownFileType = file.storyboard; path = Main.storyboard; sourceTree = "<group>"; };
		7DD7F41621456D5000D1D7B4 /* instagram.app */ = {isa = PBXFileReference; explicitFileType = wrapper.application; includeInIndex = 0; path = instagram.app; sourceTree = BUILT_PRODUCTS_DIR; };
		7DD7F41921456D5000D1D7B4 /* AppDelegate.swift */ = {isa = PBXFileReference; lastKnownFileType = sourcecode.swift; path = AppDelegate.swift; sourceTree = "<group>"; };
		7DD7F42521456D5100D1D7B4 /* Info.plist */ = {isa = PBXFileReference; lastKnownFileType = text.plist.xml; path = Info.plist; sourceTree = "<group>"; };
		7DD7F42A21456D5100D1D7B4 /* instagramTests.xctest */ = {isa = PBXFileReference; explicitFileType = wrapper.cfbundle; includeInIndex = 0; path = instagramTests.xctest; sourceTree = BUILT_PRODUCTS_DIR; };
		7DD7F42E21456D5100D1D7B4 /* instagramTests.swift */ = {isa = PBXFileReference; lastKnownFileType = sourcecode.swift; path = instagramTests.swift; sourceTree = "<group>"; };
		7DD7F43021456D5100D1D7B4 /* Info.plist */ = {isa = PBXFileReference; lastKnownFileType = text.plist.xml; path = Info.plist; sourceTree = "<group>"; };
		7DD7F43521456D5100D1D7B4 /* instagramUITests.xctest */ = {isa = PBXFileReference; explicitFileType = wrapper.cfbundle; includeInIndex = 0; path = instagramUITests.xctest; sourceTree = BUILT_PRODUCTS_DIR; };
		7DD7F43921456D5100D1D7B4 /* instagramUITests.swift */ = {isa = PBXFileReference; lastKnownFileType = sourcecode.swift; path = instagramUITests.swift; sourceTree = "<group>"; };
		7DD7F43B21456D5100D1D7B4 /* Info.plist */ = {isa = PBXFileReference; lastKnownFileType = text.plist.xml; path = Info.plist; sourceTree = "<group>"; };
		7DD7F44721456D9000D1D7B4 /* Podfile */ = {isa = PBXFileReference; lastKnownFileType = text; path = Podfile; sourceTree = "<group>"; xcLanguageSpecificationIdentifier = xcode.lang.ruby; };
		7DFE001E21EFAA5700D6A8CD /* navigationViewController.swift */ = {isa = PBXFileReference; lastKnownFileType = sourcecode.swift; path = navigationViewController.swift; sourceTree = "<group>"; };
		7DFE002021EFAAE800D6A8CD /* tabBarViewController.swift */ = {isa = PBXFileReference; lastKnownFileType = sourcecode.swift; path = tabBarViewController.swift; sourceTree = "<group>"; };
		AAEF56EB30DC19DB32E5DC00 /* Pods-instagram.release.xcconfig */ = {isa = PBXFileReference; includeInIndex = 1; lastKnownFileType = text.xcconfig; name = "Pods-instagram.release.xcconfig"; path = "Pods/Target Support Files/Pods-instagram/Pods-instagram.release.xcconfig"; sourceTree = "<group>"; };
		DD6CEE2739314B819513E287 /* Pods-instagram.debug.xcconfig */ = {isa = PBXFileReference; includeInIndex = 1; lastKnownFileType = text.xcconfig; name = "Pods-instagram.debug.xcconfig"; path = "Pods/Target Support Files/Pods-instagram/Pods-instagram.debug.xcconfig"; sourceTree = "<group>"; };
/* End PBXFileReference section */

/* Begin PBXFrameworksBuildPhase section */
		7DD7F41321456D5000D1D7B4 /* Frameworks */ = {
			isa = PBXFrameworksBuildPhase;
			buildActionMask = 2147483647;
			files = (
				2AB17A1DF43E614AEEC492B6 /* Pods_instagram.framework in Frameworks */,
			);
			runOnlyForDeploymentPostprocessing = 0;
		};
		7DD7F42721456D5100D1D7B4 /* Frameworks */ = {
			isa = PBXFrameworksBuildPhase;
			buildActionMask = 2147483647;
			files = (
			);
			runOnlyForDeploymentPostprocessing = 0;
		};
		7DD7F43221456D5100D1D7B4 /* Frameworks */ = {
			isa = PBXFrameworksBuildPhase;
			buildActionMask = 2147483647;
			files = (
			);
			runOnlyForDeploymentPostprocessing = 0;
		};
/* End PBXFrameworksBuildPhase section */

/* Begin PBXGroup section */
		7ACE33368FD01B99878628D1 /* Pods */ = {
			isa = PBXGroup;
			children = (
				DD6CEE2739314B819513E287 /* Pods-instagram.debug.xcconfig */,
				AAEF56EB30DC19DB32E5DC00 /* Pods-instagram.release.xcconfig */,
			);
			name = Pods;
			sourceTree = "<group>";
		};
		7D077AD0219A98E60007E660 /* signPage */ = {
			isa = PBXGroup;
			children = (
				7DBDE8F82145981B0008C322 /* SignInViewController.swift */,
				7DBDE8F6214598180008C322 /* SignUpViewController.swift */,
				7DB8D71E2145CC7100D50F50 /* ResetPasswordViewController.swift */,
			);
			path = signPage;
			sourceTree = "<group>";
		};
		7D077AD1219A99000007E660 /* homePage */ = {
			isa = PBXGroup;
			children = (
				7DA21C0621DF3DE400C75EEC /* EditViewController.swift */,
				7D4108CC2199421800EED9A0 /* HomeViewController.swift */,
				7D077ACD219A97EB0007E660 /* FollowersViewController.swift */,
				7D077AD2219A990D0007E660 /* viewControllerSupplyFile */,
			);
			path = homePage;
			sourceTree = "<group>";
		};
		7D077AD2219A990D0007E660 /* viewControllerSupplyFile */ = {
			isa = PBXGroup;
			children = (
				7DA25269214AAFA400720D20 /* HeaderView.swift */,
				7D077AD3219A99B50007E660 /* FollowersCell.swift */,
				7DA2526D214AB52D00720D20 /* PictureCell.swift */,
			);
			path = viewControllerSupplyFile;
			sourceTree = "<group>";
		};
		7D18A46121F52D27001A7186 /* CommentPage */ = {
			isa = PBXGroup;
			children = (
				7D18A46221F53A9B001A7186 /* CommentViewController.swift */,
				7D18A46421F53AC0001A7186 /* CommentCell.swift */,
			);
			path = CommentPage;
			sourceTree = "<group>";
		};
		7D27CE7A219BD94B00901067 /* guestPage */ = {
			isa = PBXGroup;
			children = (
				7D27CE78219BD94700901067 /* GuestViewController.swift */,
			);
			path = guestPage;
			sourceTree = "<group>";
		};
		7D29CB2D21E5BBBC00A15944 /* PostPage */ = {
			isa = PBXGroup;
			children = (
				7D29CB2E21E5BBBC00A15944 /* PostViewController.swift */,
				7D29CB3021E5BC1100A15944 /* PostViewControllerCell.swift */,
			);
			path = PostPage;
			sourceTree = "<group>";
		};
		7D4108CF2199450900EED9A0 /* supplyFile */ = {
			isa = PBXGroup;
			children = (
				7DB60FB221EE425F00102CF7 /* Assets.xcassets */,
				7D873A6E2149D1530051DD1A /* bg.jpg */,
				7D6BE98621EF996C00A5A176 /* like.png */,
				7D6BE98A21EF998800A5A176 /* comment.png */,
				7D6BE98821EF997900A5A176 /* more.png */,
				7D788B1021E3A60E004C0FF4 /* pbg.jpg */,
				7D070A1021F4410100694B69 /* unlike.png */,
				7D873A6C2149CEC70051DD1A /* Pacifico.ttf */,
				7DBDE8FA2145981E0008C322 /* pp.jpg */,
			);
			path = supplyFile;
			sourceTree = "<group>";
		};
		7D6BE98C21EFA8AE00A5A176 /* NavigationPage */ = {
			isa = PBXGroup;
			children = (
				7DFE001E21EFAA5700D6A8CD /* navigationViewController.swift */,
				7DFE002021EFAAE800D6A8CD /* tabBarViewController.swift */,
			);
			path = NavigationPage;
			sourceTree = "<group>";
		};
		7D788B1221E3A695004C0FF4 /* uploadPage */ = {
			isa = PBXGroup;
			children = (
				7D788B1321E3A6BB004C0FF4 /* UploadViewController.swift */,
			);
			path = uploadPage;
			sourceTree = "<group>";
		};
		7DD7F40D21456D5000D1D7B4 = {
			isa = PBXGroup;
			children = (
				7DD7F44721456D9000D1D7B4 /* Podfile */,
				7DD7F41821456D5000D1D7B4 /* instagram */,
				7DD7F42D21456D5100D1D7B4 /* instagramTests */,
				7DD7F43821456D5100D1D7B4 /* instagramUITests */,
				7DD7F41721456D5000D1D7B4 /* Products */,
				7ACE33368FD01B99878628D1 /* Pods */,
				C9370EA6EAB7D04C1602BF2B /* Frameworks */,
			);
			sourceTree = "<group>";
		};
		7DD7F41721456D5000D1D7B4 /* Products */ = {
			isa = PBXGroup;
			children = (
				7DD7F41621456D5000D1D7B4 /* instagram.app */,
				7DD7F42A21456D5100D1D7B4 /* instagramTests.xctest */,
				7DD7F43521456D5100D1D7B4 /* instagramUITests.xctest */,
			);
			name = Products;
			sourceTree = "<group>";
		};
		7DD7F41821456D5000D1D7B4 /* instagram */ = {
			isa = PBXGroup;
			children = (
				7DD7F41921456D5000D1D7B4 /* AppDelegate.swift */,
				7DBDE8F2214597AB0008C322 /* instagram-Bridging-Header.h */,
				7DD7F42521456D5100D1D7B4 /* Info.plist */,
				7DBDE8FC214598270008C322 /* Main.storyboard */,
				7DD7F42221456D5100D1D7B4 /* LaunchScreen.storyboard */,
				7D18A46121F52D27001A7186 /* CommentPage */,
				7D6BE98C21EFA8AE00A5A176 /* NavigationPage */,
				7D27CE7A219BD94B00901067 /* guestPage */,
				7D077AD1219A99000007E660 /* homePage */,
				7D29CB2D21E5BBBC00A15944 /* PostPage */,
				7D077AD0219A98E60007E660 /* signPage */,
				7D788B1221E3A695004C0FF4 /* uploadPage */,
				7D4108CF2199450900EED9A0 /* supplyFile */,
			);
			path = instagram;
			sourceTree = "<group>";
		};
		7DD7F42D21456D5100D1D7B4 /* instagramTests */ = {
			isa = PBXGroup;
			children = (
				7DD7F42E21456D5100D1D7B4 /* instagramTests.swift */,
				7DD7F43021456D5100D1D7B4 /* Info.plist */,
			);
			path = instagramTests;
			sourceTree = "<group>";
		};
		7DD7F43821456D5100D1D7B4 /* instagramUITests */ = {
			isa = PBXGroup;
			children = (
				7DD7F43921456D5100D1D7B4 /* instagramUITests.swift */,
				7DD7F43B21456D5100D1D7B4 /* Info.plist */,
			);
			path = instagramUITests;
			sourceTree = "<group>";
		};
		C9370EA6EAB7D04C1602BF2B /* Frameworks */ = {
			isa = PBXGroup;
			children = (
				143F2730B0BD7F1DE9C2751F /* Pods_instagram.framework */,
			);
			name = Frameworks;
			sourceTree = "<group>";
		};
/* End PBXGroup section */

/* Begin PBXNativeTarget section */
		7DD7F41521456D5000D1D7B4 /* instagram */ = {
			isa = PBXNativeTarget;
			buildConfigurationList = 7DD7F43E21456D5100D1D7B4 /* Build configuration list for PBXNativeTarget "instagram" */;
			buildPhases = (
				C0CB5C822F56760CC29297D5 /* [CP] Check Pods Manifest.lock */,
				7DD7F41221456D5000D1D7B4 /* Sources */,
				7DD7F41321456D5000D1D7B4 /* Frameworks */,
				7DD7F41421456D5000D1D7B4 /* Resources */,
				B3FB9E625EACEBAC6F22DC21 /* [CP] Embed Pods Frameworks */,
			);
			buildRules = (
			);
			dependencies = (
			);
			name = instagram;
			productName = instagram;
			productReference = 7DD7F41621456D5000D1D7B4 /* instagram.app */;
			productType = "com.apple.product-type.application";
		};
		7DD7F42921456D5100D1D7B4 /* instagramTests */ = {
			isa = PBXNativeTarget;
			buildConfigurationList = 7DD7F44121456D5100D1D7B4 /* Build configuration list for PBXNativeTarget "instagramTests" */;
			buildPhases = (
				7DD7F42621456D5100D1D7B4 /* Sources */,
				7DD7F42721456D5100D1D7B4 /* Frameworks */,
				7DD7F42821456D5100D1D7B4 /* Resources */,
			);
			buildRules = (
			);
			dependencies = (
				7DD7F42C21456D5100D1D7B4 /* PBXTargetDependency */,
			);
			name = instagramTests;
			productName = instagramTests;
			productReference = 7DD7F42A21456D5100D1D7B4 /* instagramTests.xctest */;
			productType = "com.apple.product-type.bundle.unit-test";
		};
		7DD7F43421456D5100D1D7B4 /* instagramUITests */ = {
			isa = PBXNativeTarget;
			buildConfigurationList = 7DD7F44421456D5100D1D7B4 /* Build configuration list for PBXNativeTarget "instagramUITests" */;
			buildPhases = (
				7DD7F43121456D5100D1D7B4 /* Sources */,
				7DD7F43221456D5100D1D7B4 /* Frameworks */,
				7DD7F43321456D5100D1D7B4 /* Resources */,
			);
			buildRules = (
			);
			dependencies = (
				7DD7F43721456D5100D1D7B4 /* PBXTargetDependency */,
			);
			name = instagramUITests;
			productName = instagramUITests;
			productReference = 7DD7F43521456D5100D1D7B4 /* instagramUITests.xctest */;
			productType = "com.apple.product-type.bundle.ui-testing";
		};
/* End PBXNativeTarget section */

/* Begin PBXProject section */
		7DD7F40E21456D5000D1D7B4 /* Project object */ = {
			isa = PBXProject;
			attributes = {
				LastSwiftUpdateCheck = 0940;
				LastUpgradeCheck = 0940;
				ORGANIZATIONNAME = "邱子昂";
				TargetAttributes = {
					7DD7F41521456D5000D1D7B4 = {
						CreatedOnToolsVersion = 9.4.1;
						LastSwiftMigration = 1010;
					};
					7DD7F42921456D5100D1D7B4 = {
						CreatedOnToolsVersion = 9.4.1;
						LastSwiftMigration = 1010;
						TestTargetID = 7DD7F41521456D5000D1D7B4;
					};
					7DD7F43421456D5100D1D7B4 = {
						CreatedOnToolsVersion = 9.4.1;
						LastSwiftMigration = 1010;
						TestTargetID = 7DD7F41521456D5000D1D7B4;
					};
				};
			};
			buildConfigurationList = 7DD7F41121456D5000D1D7B4 /* Build configuration list for PBXProject "instagram" */;
			compatibilityVersion = "Xcode 9.3";
			developmentRegion = en;
			hasScannedForEncodings = 0;
			knownRegions = (
				Base,
			);
			mainGroup = 7DD7F40D21456D5000D1D7B4;
			productRefGroup = 7DD7F41721456D5000D1D7B4 /* Products */;
			projectDirPath = "";
			projectRoot = "";
			targets = (
				7DD7F41521456D5000D1D7B4 /* instagram */,
				7DD7F42921456D5100D1D7B4 /* instagramTests */,
				7DD7F43421456D5100D1D7B4 /* instagramUITests */,
			);
		};
/* End PBXProject section */

/* Begin PBXResourcesBuildPhase section */
		7DD7F41421456D5000D1D7B4 /* Resources */ = {
			isa = PBXResourcesBuildPhase;
			buildActionMask = 2147483647;
			files = (
				7DBDE8FB2145981E0008C322 /* pp.jpg in Resources */,
				7DBDE8FD214598270008C322 /* Main.storyboard in Resources */,
				7D6BE98721EF996C00A5A176 /* like.png in Resources */,
				7D873A6D2149CEC70051DD1A /* Pacifico.ttf in Resources */,
				7DD7F42421456D5100D1D7B4 /* LaunchScreen.storyboard in Resources */,
				7D873A6F2149D1530051DD1A /* bg.jpg in Resources */,
				7D6BE98921EF997900A5A176 /* more.png in Resources */,
				7DD7F44821456D9000D1D7B4 /* Podfile in Resources */,
				7DB60FB321EE425F00102CF7 /* Assets.xcassets in Resources */,
				7D070A1121F4410100694B69 /* unlike.png in Resources */,
				7D6BE98B21EF998800A5A176 /* comment.png in Resources */,
				7D788B1121E3A60E004C0FF4 /* pbg.jpg in Resources */,
			);
			runOnlyForDeploymentPostprocessing = 0;
		};
		7DD7F42821456D5100D1D7B4 /* Resources */ = {
			isa = PBXResourcesBuildPhase;
			buildActionMask = 2147483647;
			files = (
			);
			runOnlyForDeploymentPostprocessing = 0;
		};
		7DD7F43321456D5100D1D7B4 /* Resources */ = {
			isa = PBXResourcesBuildPhase;
			buildActionMask = 2147483647;
			files = (
			);
			runOnlyForDeploymentPostprocessing = 0;
		};
/* End PBXResourcesBuildPhase section */

/* Begin PBXShellScriptBuildPhase section */
		B3FB9E625EACEBAC6F22DC21 /* [CP] Embed Pods Frameworks */ = {
			isa = PBXShellScriptBuildPhase;
			buildActionMask = 2147483647;
			files = (
			);
			inputPaths = (
				"${PODS_ROOT}/Target Support Files/Pods-instagram/Pods-instagram-frameworks.sh",
				"${BUILT_PRODUCTS_DIR}/AVOSCloud/AVOSCloud.framework",
				"${BUILT_PRODUCTS_DIR}/AVOSCloudCrashReporting/AVOSCloudCrashReporting.framework",
				"${BUILT_PRODUCTS_DIR}/AVOSCloudIM/AVOSCloudIM.framework",
				"${BUILT_PRODUCTS_DIR}/MDFInternationalization/MDFInternationalization.framework",
				"${BUILT_PRODUCTS_DIR}/MDFTextAccessibility/MDFTextAccessibility.framework",
				"${BUILT_PRODUCTS_DIR}/MaterialComponents/MaterialComponents.framework",
				"${BUILT_PRODUCTS_DIR}/MotionAnimator/MotionAnimator.framework",
				"${BUILT_PRODUCTS_DIR}/MotionInterchange/MotionInterchange.framework",
				"${BUILT_PRODUCTS_DIR}/MotionTransitioning/MotionTransitioning.framework",
			);
			name = "[CP] Embed Pods Frameworks";
			outputPaths = (
				"${TARGET_BUILD_DIR}/${FRAMEWORKS_FOLDER_PATH}/AVOSCloud.framework",
				"${TARGET_BUILD_DIR}/${FRAMEWORKS_FOLDER_PATH}/AVOSCloudCrashReporting.framework",
				"${TARGET_BUILD_DIR}/${FRAMEWORKS_FOLDER_PATH}/AVOSCloudIM.framework",
				"${TARGET_BUILD_DIR}/${FRAMEWORKS_FOLDER_PATH}/MDFInternationalization.framework",
				"${TARGET_BUILD_DIR}/${FRAMEWORKS_FOLDER_PATH}/MDFTextAccessibility.framework",
				"${TARGET_BUILD_DIR}/${FRAMEWORKS_FOLDER_PATH}/MaterialComponents.framework",
				"${TARGET_BUILD_DIR}/${FRAMEWORKS_FOLDER_PATH}/MotionAnimator.framework",
				"${TARGET_BUILD_DIR}/${FRAMEWORKS_FOLDER_PATH}/MotionInterchange.framework",
				"${TARGET_BUILD_DIR}/${FRAMEWORKS_FOLDER_PATH}/MotionTransitioning.framework",
			);
			runOnlyForDeploymentPostprocessing = 0;
			shellPath = /bin/sh;
			shellScript = "\"${PODS_ROOT}/Target Support Files/Pods-instagram/Pods-instagram-frameworks.sh\"\n";
			showEnvVarsInLog = 0;
		};
		C0CB5C822F56760CC29297D5 /* [CP] Check Pods Manifest.lock */ = {
			isa = PBXShellScriptBuildPhase;
			buildActionMask = 2147483647;
			files = (
			);
			inputPaths = (
				"${PODS_PODFILE_DIR_PATH}/Podfile.lock",
				"${PODS_ROOT}/Manifest.lock",
			);
			name = "[CP] Check Pods Manifest.lock";
			outputPaths = (
				"$(DERIVED_FILE_DIR)/Pods-instagram-checkManifestLockResult.txt",
			);
			runOnlyForDeploymentPostprocessing = 0;
			shellPath = /bin/sh;
			shellScript = "diff \"${PODS_PODFILE_DIR_PATH}/Podfile.lock\" \"${PODS_ROOT}/Manifest.lock\" > /dev/null\nif [ $? != 0 ] ; then\n    # print error to STDERR\n    echo \"error: The sandbox is not in sync with the Podfile.lock. Run 'pod install' or update your CocoaPods installation.\" >&2\n    exit 1\nfi\n# This output is used by Xcode 'outputs' to avoid re-running this script phase.\necho \"SUCCESS\" > \"${SCRIPT_OUTPUT_FILE_0}\"\n";
			showEnvVarsInLog = 0;
		};
/* End PBXShellScriptBuildPhase section */

/* Begin PBXSourcesBuildPhase section */
		7DD7F41221456D5000D1D7B4 /* Sources */ = {
			isa = PBXSourcesBuildPhase;
			buildActionMask = 2147483647;
			files = (
				7DFE002121EFAAE800D6A8CD /* tabBarViewController.swift in Sources */,
				7DBDE8F7214598180008C322 /* SignUpViewController.swift in Sources */,
				7D788B1421E3A6BB004C0FF4 /* UploadViewController.swift in Sources */,
				7D29CB2F21E5BBBC00A15944 /* PostViewController.swift in Sources */,
				7D4108CD2199421800EED9A0 /* HomeViewController.swift in Sources */,
				7D18A46521F53AC0001A7186 /* CommentCell.swift in Sources */,
				7D18A46321F53A9B001A7186 /* CommentViewController.swift in Sources */,
				7DA2526A214AAFA400720D20 /* HeaderView.swift in Sources */,
				7DFE001F21EFAA5700D6A8CD /* navigationViewController.swift in Sources */,
				7DBDE8F92145981B0008C322 /* SignInViewController.swift in Sources */,
				7D077ACE219A97EB0007E660 /* FollowersViewController.swift in Sources */,
				7D27CE79219BD94700901067 /* GuestViewController.swift in Sources */,
				7D29CB3121E5BC1100A15944 /* PostViewControllerCell.swift in Sources */,
				7DD7F41A21456D5000D1D7B4 /* AppDelegate.swift in Sources */,
				7D077AD4219A99B50007E660 /* FollowersCell.swift in Sources */,
				7DA2526E214AB52D00720D20 /* PictureCell.swift in Sources */,
				7DA21C0721DF3DE400C75EEC /* EditViewController.swift in Sources */,
				7DB8D71F2145CC7100D50F50 /* ResetPasswordViewController.swift in Sources */,
			);
			runOnlyForDeploymentPostprocessing = 0;
		};
		7DD7F42621456D5100D1D7B4 /* Sources */ = {
			isa = PBXSourcesBuildPhase;
			buildActionMask = 2147483647;
			files = (
				7DD7F42F21456D5100D1D7B4 /* instagramTests.swift in Sources */,
			);
			runOnlyForDeploymentPostprocessing = 0;
		};
		7DD7F43121456D5100D1D7B4 /* Sources */ = {
			isa = PBXSourcesBuildPhase;
			buildActionMask = 2147483647;
			files = (
				7DD7F43A21456D5100D1D7B4 /* instagramUITests.swift in Sources */,
			);
			runOnlyForDeploymentPostprocessing = 0;
		};
/* End PBXSourcesBuildPhase section */

/* Begin PBXTargetDependency section */
		7DD7F42C21456D5100D1D7B4 /* PBXTargetDependency */ = {
			isa = PBXTargetDependency;
			target = 7DD7F41521456D5000D1D7B4 /* instagram */;
			targetProxy = 7DD7F42B21456D5100D1D7B4 /* PBXContainerItemProxy */;
		};
		7DD7F43721456D5100D1D7B4 /* PBXTargetDependency */ = {
			isa = PBXTargetDependency;
			target = 7DD7F41521456D5000D1D7B4 /* instagram */;
			targetProxy = 7DD7F43621456D5100D1D7B4 /* PBXContainerItemProxy */;
		};
/* End PBXTargetDependency section */

/* Begin PBXVariantGroup section */
		7DD7F42221456D5100D1D7B4 /* LaunchScreen.storyboard */ = {
			isa = PBXVariantGroup;
			children = (
				7D73ED1221F8C12D00339BDD /* Base */,
				7D73ED1321F8C13800339BDD /* zh-Hans */,
				7D73ED1421F8C14900339BDD /* en */,
			);
			name = LaunchScreen.storyboard;
			sourceTree = "<group>";
		};
/* End PBXVariantGroup section */

/* Begin XCBuildConfiguration section */
		7DD7F43C21456D5100D1D7B4 /* Debug */ = {
			isa = XCBuildConfiguration;
			buildSettings = {
				ALWAYS_SEARCH_USER_PATHS = NO;
				CLANG_ANALYZER_LOCALIZABILITY_NONLOCALIZED = YES;
				CLANG_ANALYZER_NONNULL = YES;
				CLANG_ANALYZER_NUMBER_OBJECT_CONVERSION = YES_AGGRESSIVE;
				CLANG_CXX_LANGUAGE_STANDARD = "gnu++14";
				CLANG_CXX_LIBRARY = "libc++";
				CLANG_ENABLE_MODULES = YES;
				CLANG_ENABLE_OBJC_ARC = YES;
				CLANG_ENABLE_OBJC_WEAK = YES;
				CLANG_WARN_BLOCK_CAPTURE_AUTORELEASING = YES;
				CLANG_WARN_BOOL_CONVERSION = YES;
				CLANG_WARN_COMMA = YES;
				CLANG_WARN_CONSTANT_CONVERSION = YES;
				CLANG_WARN_DEPRECATED_OBJC_IMPLEMENTATIONS = YES;
				CLANG_WARN_DIRECT_OBJC_ISA_USAGE = YES_ERROR;
				CLANG_WARN_DOCUMENTATION_COMMENTS = YES;
				CLANG_WARN_EMPTY_BODY = YES;
				CLANG_WARN_ENUM_CONVERSION = YES;
				CLANG_WARN_INFINITE_RECURSION = YES;
				CLANG_WARN_INT_CONVERSION = YES;
				CLANG_WARN_NON_LITERAL_NULL_CONVERSION = YES;
				CLANG_WARN_OBJC_IMPLICIT_RETAIN_SELF = YES;
				CLANG_WARN_OBJC_LITERAL_CONVERSION = YES;
				CLANG_WARN_OBJC_ROOT_CLASS = YES_ERROR;
				CLANG_WARN_RANGE_LOOP_ANALYSIS = YES;
				CLANG_WARN_STRICT_PROTOTYPES = YES;
				CLANG_WARN_SUSPICIOUS_MOVE = YES;
				CLANG_WARN_UNGUARDED_AVAILABILITY = YES_AGGRESSIVE;
				CLANG_WARN_UNREACHABLE_CODE = YES;
				CLANG_WARN__DUPLICATE_METHOD_MATCH = YES;
				CODE_SIGN_IDENTITY = "iPhone Developer";
				COPY_PHASE_STRIP = NO;
				DEBUG_INFORMATION_FORMAT = dwarf;
				ENABLE_STRICT_OBJC_MSGSEND = YES;
				ENABLE_TESTABILITY = YES;
				GCC_C_LANGUAGE_STANDARD = gnu11;
				GCC_DYNAMIC_NO_PIC = NO;
				GCC_NO_COMMON_BLOCKS = YES;
				GCC_OPTIMIZATION_LEVEL = 0;
				GCC_PREPROCESSOR_DEFINITIONS = (
					"DEBUG=1",
					"$(inherited)",
				);
				GCC_WARN_64_TO_32_BIT_CONVERSION = YES;
				GCC_WARN_ABOUT_RETURN_TYPE = YES_ERROR;
				GCC_WARN_UNDECLARED_SELECTOR = YES;
				GCC_WARN_UNINITIALIZED_AUTOS = YES_AGGRESSIVE;
				GCC_WARN_UNUSED_FUNCTION = YES;
				GCC_WARN_UNUSED_VARIABLE = YES;
				IPHONEOS_DEPLOYMENT_TARGET = 11.4;
				MTL_ENABLE_DEBUG_INFO = YES;
				ONLY_ACTIVE_ARCH = YES;
				SDKROOT = iphoneos;
				SWIFT_ACTIVE_COMPILATION_CONDITIONS = DEBUG;
				SWIFT_OPTIMIZATION_LEVEL = "-Onone";
			};
			name = Debug;
		};
		7DD7F43D21456D5100D1D7B4 /* Release */ = {
			isa = XCBuildConfiguration;
			buildSettings = {
				ALWAYS_SEARCH_USER_PATHS = NO;
				CLANG_ANALYZER_LOCALIZABILITY_NONLOCALIZED = YES;
				CLANG_ANALYZER_NONNULL = YES;
				CLANG_ANALYZER_NUMBER_OBJECT_CONVERSION = YES_AGGRESSIVE;
				CLANG_CXX_LANGUAGE_STANDARD = "gnu++14";
				CLANG_CXX_LIBRARY = "libc++";
				CLANG_ENABLE_MODULES = YES;
				CLANG_ENABLE_OBJC_ARC = YES;
				CLANG_ENABLE_OBJC_WEAK = YES;
				CLANG_WARN_BLOCK_CAPTURE_AUTORELEASING = YES;
				CLANG_WARN_BOOL_CONVERSION = YES;
				CLANG_WARN_COMMA = YES;
				CLANG_WARN_CONSTANT_CONVERSION = YES;
				CLANG_WARN_DEPRECATED_OBJC_IMPLEMENTATIONS = YES;
				CLANG_WARN_DIRECT_OBJC_ISA_USAGE = YES_ERROR;
				CLANG_WARN_DOCUMENTATION_COMMENTS = YES;
				CLANG_WARN_EMPTY_BODY = YES;
				CLANG_WARN_ENUM_CONVERSION = YES;
				CLANG_WARN_INFINITE_RECURSION = YES;
				CLANG_WARN_INT_CONVERSION = YES;
				CLANG_WARN_NON_LITERAL_NULL_CONVERSION = YES;
				CLANG_WARN_OBJC_IMPLICIT_RETAIN_SELF = YES;
				CLANG_WARN_OBJC_LITERAL_CONVERSION = YES;
				CLANG_WARN_OBJC_ROOT_CLASS = YES_ERROR;
				CLANG_WARN_RANGE_LOOP_ANALYSIS = YES;
				CLANG_WARN_STRICT_PROTOTYPES = YES;
				CLANG_WARN_SUSPICIOUS_MOVE = YES;
				CLANG_WARN_UNGUARDED_AVAILABILITY = YES_AGGRESSIVE;
				CLANG_WARN_UNREACHABLE_CODE = YES;
				CLANG_WARN__DUPLICATE_METHOD_MATCH = YES;
				CODE_SIGN_IDENTITY = "iPhone Developer";
				COPY_PHASE_STRIP = NO;
				DEBUG_INFORMATION_FORMAT = "dwarf-with-dsym";
				ENABLE_NS_ASSERTIONS = NO;
				ENABLE_STRICT_OBJC_MSGSEND = YES;
				GCC_C_LANGUAGE_STANDARD = gnu11;
				GCC_NO_COMMON_BLOCKS = YES;
				GCC_WARN_64_TO_32_BIT_CONVERSION = YES;
				GCC_WARN_ABOUT_RETURN_TYPE = YES_ERROR;
				GCC_WARN_UNDECLARED_SELECTOR = YES;
				GCC_WARN_UNINITIALIZED_AUTOS = YES_AGGRESSIVE;
				GCC_WARN_UNUSED_FUNCTION = YES;
				GCC_WARN_UNUSED_VARIABLE = YES;
				IPHONEOS_DEPLOYMENT_TARGET = 11.4;
				MTL_ENABLE_DEBUG_INFO = NO;
				SDKROOT = iphoneos;
				SWIFT_COMPILATION_MODE = wholemodule;
				SWIFT_OPTIMIZATION_LEVEL = "-O";
				VALIDATE_PRODUCT = YES;
			};
			name = Release;
		};
		7DD7F43F21456D5100D1D7B4 /* Debug */ = {
			isa = XCBuildConfiguration;
			baseConfigurationReference = DD6CEE2739314B819513E287 /* Pods-instagram.debug.xcconfig */;
			buildSettings = {
				ASSETCATALOG_COMPILER_APPICON_NAME = AppIcon;
				CLANG_ENABLE_MODULES = YES;
				CODE_SIGN_STYLE = Automatic;
				DEVELOPMENT_TEAM = 8DZ9Y5FRKK;
				INFOPLIST_FILE = instagram/Info.plist;
				LD_RUNPATH_SEARCH_PATHS = (
					"$(inherited)",
					"@executable_path/Frameworks",
				);
				PRODUCT_BUNDLE_IDENTIFIER = Skylove.instagram;
				PRODUCT_NAME = "$(TARGET_NAME)";
				SWIFT_OBJC_BRIDGING_HEADER = "instagram/instagram-Bridging-Header.h";
				SWIFT_OPTIMIZATION_LEVEL = "-Onone";
				SWIFT_VERSION = 4.2;
				TARGETED_DEVICE_FAMILY = "1,2";
			};
			name = Debug;
		};
		7DD7F44021456D5100D1D7B4 /* Release */ = {
			isa = XCBuildConfiguration;
			baseConfigurationReference = AAEF56EB30DC19DB32E5DC00 /* Pods-instagram.release.xcconfig */;
			buildSettings = {
				ASSETCATALOG_COMPILER_APPICON_NAME = AppIcon;
				CLANG_ENABLE_MODULES = YES;
				CODE_SIGN_STYLE = Automatic;
				DEVELOPMENT_TEAM = 8DZ9Y5FRKK;
				INFOPLIST_FILE = instagram/Info.plist;
				LD_RUNPATH_SEARCH_PATHS = (
					"$(inherited)",
					"@executable_path/Frameworks",
				);
				PRODUCT_BUNDLE_IDENTIFIER = Skylove.instagram;
				PRODUCT_NAME = "$(TARGET_NAME)";
				SWIFT_OBJC_BRIDGING_HEADER = "instagram/instagram-Bridging-Header.h";
				SWIFT_VERSION = 4.2;
				TARGETED_DEVICE_FAMILY = "1,2";
			};
			name = Release;
		};
		7DD7F44221456D5100D1D7B4 /* Debug */ = {
			isa = XCBuildConfiguration;
			buildSettings = {
				ALWAYS_EMBED_SWIFT_STANDARD_LIBRARIES = YES;
				BUNDLE_LOADER = "$(TEST_HOST)";
				CODE_SIGN_STYLE = Automatic;
				DEVELOPMENT_TEAM = 8DZ9Y5FRKK;
				INFOPLIST_FILE = instagramTests/Info.plist;
				LD_RUNPATH_SEARCH_PATHS = (
					"$(inherited)",
					"@executable_path/Frameworks",
					"@loader_path/Frameworks",
				);
				PRODUCT_BUNDLE_IDENTIFIER = Skylove.instagramTests;
				PRODUCT_NAME = "$(TARGET_NAME)";
				SWIFT_VERSION = 4.2;
				TARGETED_DEVICE_FAMILY = "1,2";
				TEST_HOST = "$(BUILT_PRODUCTS_DIR)/instagram.app/instagram";
			};
			name = Debug;
		};
		7DD7F44321456D5100D1D7B4 /* Release */ = {
			isa = XCBuildConfiguration;
			buildSettings = {
				ALWAYS_EMBED_SWIFT_STANDARD_LIBRARIES = YES;
				BUNDLE_LOADER = "$(TEST_HOST)";
				CODE_SIGN_STYLE = Automatic;
				DEVELOPMENT_TEAM = 8DZ9Y5FRKK;
				INFOPLIST_FILE = instagramTests/Info.plist;
				LD_RUNPATH_SEARCH_PATHS = (
					"$(inherited)",
					"@executable_path/Frameworks",
					"@loader_path/Frameworks",
				);
				PRODUCT_BUNDLE_IDENTIFIER = Skylove.instagramTests;
				PRODUCT_NAME = "$(TARGET_NAME)";
				SWIFT_VERSION = 4.2;
				TARGETED_DEVICE_FAMILY = "1,2";
				TEST_HOST = "$(BUILT_PRODUCTS_DIR)/instagram.app/instagram";
			};
			name = Release;
		};
		7DD7F44521456D5100D1D7B4 /* Debug */ = {
			isa = XCBuildConfiguration;
			buildSettings = {
				ALWAYS_EMBED_SWIFT_STANDARD_LIBRARIES = YES;
				CODE_SIGN_STYLE = Automatic;
				DEVELOPMENT_TEAM = 8DZ9Y5FRKK;
				INFOPLIST_FILE = instagramUITests/Info.plist;
				LD_RUNPATH_SEARCH_PATHS = (
					"$(inherited)",
					"@executable_path/Frameworks",
					"@loader_path/Frameworks",
				);
				PRODUCT_BUNDLE_IDENTIFIER = Skylove.instagramUITests;
				PRODUCT_NAME = "$(TARGET_NAME)";
				SWIFT_VERSION = 4.2;
				TARGETED_DEVICE_FAMILY = "1,2";
				TEST_TARGET_NAME = instagram;
			};
			name = Debug;
		};
		7DD7F44621456D5100D1D7B4 /* Release */ = {
			isa = XCBuildConfiguration;
			buildSettings = {
				ALWAYS_EMBED_SWIFT_STANDARD_LIBRARIES = YES;
				CODE_SIGN_STYLE = Automatic;
				DEVELOPMENT_TEAM = 8DZ9Y5FRKK;
				INFOPLIST_FILE = instagramUITests/Info.plist;
				LD_RUNPATH_SEARCH_PATHS = (
					"$(inherited)",
					"@executable_path/Frameworks",
					"@loader_path/Frameworks",
				);
				PRODUCT_BUNDLE_IDENTIFIER = Skylove.instagramUITests;
				PRODUCT_NAME = "$(TARGET_NAME)";
				SWIFT_VERSION = 4.2;
				TARGETED_DEVICE_FAMILY = "1,2";
				TEST_TARGET_NAME = instagram;
			};
			name = Release;
		};
/* End XCBuildConfiguration section */

/* Begin XCConfigurationList section */
		7DD7F41121456D5000D1D7B4 /* Build configuration list for PBXProject "instagram" */ = {
			isa = XCConfigurationList;
			buildConfigurations = (
				7DD7F43C21456D5100D1D7B4 /* Debug */,
				7DD7F43D21456D5100D1D7B4 /* Release */,
			);
			defaultConfigurationIsVisible = 0;
			defaultConfigurationName = Release;
		};
		7DD7F43E21456D5100D1D7B4 /* Build configuration list for PBXNativeTarget "instagram" */ = {
			isa = XCConfigurationList;
			buildConfigurations = (
				7DD7F43F21456D5100D1D7B4 /* Debug */,
				7DD7F44021456D5100D1D7B4 /* Release */,
			);
			defaultConfigurationIsVisible = 0;
			defaultConfigurationName = Release;
		};
		7DD7F44121456D5100D1D7B4 /* Build configuration list for PBXNativeTarget "instagramTests" */ = {
			isa = XCConfigurationList;
			buildConfigurations = (
				7DD7F44221456D5100D1D7B4 /* Debug */,
				7DD7F44321456D5100D1D7B4 /* Release */,
			);
			defaultConfigurationIsVisible = 0;
			defaultConfigurationName = Release;
		};
		7DD7F44421456D5100D1D7B4 /* Build configuration list for PBXNativeTarget "instagramUITests" */ = {
			isa = XCConfigurationList;
			buildConfigurations = (
				7DD7F44521456D5100D1D7B4 /* Debug */,
				7DD7F44621456D5100D1D7B4 /* Release */,
			);
			defaultConfigurationIsVisible = 0;
			defaultConfigurationName = Release;
		};
/* End XCConfigurationList section */
	};
	rootObject = 7DD7F40E21456D5000D1D7B4 /* Project object */;
}
